{
  "nodes": {
    "face-image": {
      "flake": false,
      "locked": {
        "path": "path:/etc/nixos/picture/head-portrait/复古证件照.jpg",
        "type": "path"
      },
      "original": {
        "path": "path:/etc/nixos/picture/head-portrait/复古证件照.jpg",
        "type": "path"
      },
      "parent": []
    },
    "home-manager": {
      "inputs": {
        "nixpkgs": [
          "nixpkgs"
        ]
      },
      "locked": {
        "lastModified": 1772020340,
        "narHash": "sha256-aqBl3GNpCadMoJ/hVkWTijM1Aeilc278MjM+LA3jK6g=",
        "owner": "nix-community",
        "repo": "home-manager",
        "rev": "36e38ca0d9afe4c55405fdf22179a5212243eecc",
        "type": "github"
      },
      "original": {
        "owner": "nix-community",
        "ref": "release-25.11",
        "repo": "home-manager",
        "type": "github"
      }
    },
    "lockscreen-wallpaper": {
      "flake": false,
      "locked": {
        "path": "path:/etc/nixos/picture/background/【哲风壁纸】山峰 - 山脉 - 白雪.png",
        "type": "path"
      },
      "original": {
        "path": "path:/etc/nixos/picture/background/【哲风壁纸】山峰 - 山脉 - 白雪.png",
        "type": "path"
      },
      "parent": []
    },
    "nixpkgs": {
      "locked": {
        "lastModified": 1772047000,
        "narHash": "sha256-7DaQVv4R97cii/Qdfy4tmDZMB2xxtyIvNGSwXBBhSmo=",
        "owner": "NixOS",
        "repo": "nixpkgs",
        "rev": "1267bb4920d0fc06ea916734c11b0bf004bbe17e",
        "type": "github"
      },
      "original": {
        "owner": "NixOS",
        "ref": "nixos-25.11",
        "repo": "nixpkgs",
        "type": "github"
      }
    },
    "plasma-manager": {
      "inputs": {
        "home-manager": [
          "home-manager"
        ],
        "nixpkgs": [
          "nixpkgs"
        ]
      },
      "locked": {
        "lastModified": 1772361940,
        "narHash": "sha256-B1Cz+ydL1iaOnGlwOFld/C8lBECPtzhiy/pP93/CuyY=",
        "owner": "nix-community",
        "repo": "plasma-manager",
        "rev": "a4b33606111c9c5dcd10009042bb710307174f51",
        "type": "github"
      },
      "original": {
        "owner": "nix-community",
        "repo": "plasma-manager",
        "type": "github"
      }
    },
    "root": {
      "inputs": {
        "face-image": "face-image",
        "home-manager": "home-manager",
        "lockscreen-wallpaper": "lockscreen-wallpaper",
        "nixpkgs": "nixpkgs",
        "plasma-manager": "plasma-manager",
        "taskbar-icon": "taskbar-icon",
        "wallpaper": "wallpaper"
      }
    },
    "taskbar-icon": {
      "flake": false,
      "locked": {
        "lastModified": 1772160939,
        "narHash": "sha256-k1w5BP1/GAAlM0nf/FXKLfkKprWPw/xZzid6Z2RzHXA=",
        "path": "/etc/nixos/picture/taskbar-system-icon/nixos_logo_icon.ico",
        "type": "path"
      },
      "original": {
        "path": "/etc/nixos/picture/taskbar-system-icon/nixos_logo_icon.ico",
        "type": "path"
      }
    },
    "wallpaper": {
      "flake": false,
      "locked": {
        "path": "path:/etc/nixos/picture/background/【哲风壁纸】山峰 - 山脉 - 白雪.png",
        "type": "path"
      },
      "original": {
        "path": "path:/etc/nixos/picture/background/【哲风壁纸】山峰 - 山脉 - 白雪.png",
        "type": "path"
      },
      "parent": []
    }
  },
  "root": "root",
  "version": 7
}
